// !$*UTF8*$!
{
	archiveVersion = 1;
	classes = {
	};
	objectVersion = 46;
	objects = {

/* Begin PBXBuildFile section */
		A2BDAF50E2C96BC3BFF00AEE /* Pods_Conekta.framework in Frameworks */ = {isa = PBXBuildFile; fileRef = E047803D8BF8BF85FF2D3F05 /* Pods_Conekta.framework */; };
		E4C85F2B1D77A54200B53458 /* main.m in Sources */ = {isa = PBXBuildFile; fileRef = E4C85F2A1D77A54200B53458 /* main.m */; };
		E4C85F2E1D77A54200B53458 /* AppDelegate.m in Sources */ = {isa = PBXBuildFile; fileRef = E4C85F2D1D77A54200B53458 /* AppDelegate.m */; };
		E4C85F311D77A54200B53458 /* Start.m in Sources */ = {isa = PBXBuildFile; fileRef = E4C85F301D77A54200B53458 /* Start.m */; };
		E4C85F341D77A54200B53458 /* Main.storyboard in Resources */ = {isa = PBXBuildFile; fileRef = E4C85F321D77A54200B53458 /* Main.storyboard */; };
		E4C85F371D77A54200B53458 /* Conekta.xcdatamodeld in Sources */ = {isa = PBXBuildFile; fileRef = E4C85F351D77A54200B53458 /* Conekta.xcdatamodeld */; };
		E4C85F391D77A54200B53458 /* Assets.xcassets in Resources */ = {isa = PBXBuildFile; fileRef = E4C85F381D77A54200B53458 /* Assets.xcassets */; };
		E4C85F3C1D77A54200B53458 /* LaunchScreen.storyboard in Resources */ = {isa = PBXBuildFile; fileRef = E4C85F3A1D77A54200B53458 /* LaunchScreen.storyboard */; };
		E4C85F481D77AADC00B53458 /* Podfile in Resources */ = {isa = PBXBuildFile; fileRef = E4C85F471D77AADC00B53458 /* Podfile */; };
		E4C85F4B1D77E4B000B53458 /* ProductMenu.m in Sources */ = {isa = PBXBuildFile; fileRef = E4C85F4A1D77E4B000B53458 /* ProductMenu.m */; };
		E4C85F501D77F21600B53458 /* cellProduct.m in Sources */ = {isa = PBXBuildFile; fileRef = E4C85F4E1D77F21600B53458 /* cellProduct.m */; };
		E4C85F511D77F21600B53458 /* cellProduct.xib in Resources */ = {isa = PBXBuildFile; fileRef = E4C85F4F1D77F21600B53458 /* cellProduct.xib */; };
/* End PBXBuildFile section */

/* Begin PBXFileReference section */
		7C5BE02FCF3197738B5AF2A6 /* Pods-Conekta.debug.xcconfig */ = {isa = PBXFileReference; includeInIndex = 1; lastKnownFileType = text.xcconfig; name = "Pods-Conekta.debug.xcconfig"; path = "Pods/Target Support Files/Pods-Conekta/Pods-Conekta.debug.xcconfig"; sourceTree = "<group>"; };
		C2973C89201F426BFC0E3291 /* Pods-Conekta.release.xcconfig */ = {isa = PBXFileReference; includeInIndex = 1; lastKnownFileType = text.xcconfig; name = "Pods-Conekta.release.xcconfig"; path = "Pods/Target Support Files/Pods-Conekta/Pods-Conekta.release.xcconfig"; sourceTree = "<group>"; };
		E047803D8BF8BF85FF2D3F05 /* Pods_Conekta.framework */ = {isa = PBXFileReference; explicitFileType = wrapper.framework; includeInIndex = 0; path = Pods_Conekta.framework; sourceTree = BUILT_PRODUCTS_DIR; };
		E4C85F261D77A54200B53458 /* Conekta.app */ = {isa = PBXFileReference; explicitFileType = wrapper.application; includeInIndex = 0; path = Conekta.app; sourceTree = BUILT_PRODUCTS_DIR; };
		E4C85F2A1D77A54200B53458 /* main.m */ = {isa = PBXFileReference; lastKnownFileType = sourcecode.c.objc; path = main.m; sourceTree = "<group>"; };
		E4C85F2C1D77A54200B53458 /* AppDelegate.h */ = {isa = PBXFileReference; lastKnownFileType = sourcecode.c.h; path = AppDelegate.h; sourceTree = "<group>"; };
		E4C85F2D1D77A54200B53458 /* AppDelegate.m */ = {isa = PBXFileReference; lastKnownFileType = sourcecode.c.objc; path = AppDelegate.m; sourceTree = "<group>"; };
		E4C85F2F1D77A54200B53458 /* Start.h */ = {isa = PBXFileReference; lastKnownFileType = sourcecode.c.h; path = Start.h; sourceTree = "<group>"; };
		E4C85F301D77A54200B53458 /* Start.m */ = {isa = PBXFileReference; lastKnownFileType = sourcecode.c.objc; path = Start.m; sourceTree = "<group>"; };
		E4C85F331D77A54200B53458 /* Base */ = {isa = PBXFileReference; lastKnownFileType = file.storyboard; name = Base; path = Base.lproj/Main.storyboard; sourceTree = "<group>"; };
		E4C85F361D77A54200B53458 /* Conekta.xcdatamodel */ = {isa = PBXFileReference; lastKnownFileType = wrapper.xcdatamodel; path = Conekta.xcdatamodel; sourceTree = "<group>"; };
		E4C85F381D77A54200B53458 /* Assets.xcassets */ = {isa = PBXFileReference; lastKnownFileType = folder.assetcatalog; path = Assets.xcassets; sourceTree = "<group>"; };
		E4C85F3B1D77A54200B53458 /* Base */ = {isa = PBXFileReference; lastKnownFileType = file.storyboard; name = Base; path = Base.lproj/LaunchScreen.storyboard; sourceTree = "<group>"; };
		E4C85F3D1D77A54200B53458 /* Info.plist */ = {isa = PBXFileReference; lastKnownFileType = text.plist.xml; path = Info.plist; sourceTree = "<group>"; };
		E4C85F471D77AADC00B53458 /* Podfile */ = {isa = PBXFileReference; fileEncoding = 4; lastKnownFileType = text; path = Podfile; sourceTree = SOURCE_ROOT; };
		E4C85F491D77E4B000B53458 /* ProductMenu.h */ = {isa = PBXFileReference; fileEncoding = 4; lastKnownFileType = sourcecode.c.h; path = ProductMenu.h; sourceTree = "<group>"; };
		E4C85F4A1D77E4B000B53458 /* ProductMenu.m */ = {isa = PBXFileReference; fileEncoding = 4; lastKnownFileType = sourcecode.c.objc; path = ProductMenu.m; sourceTree = "<group>"; };
		E4C85F4D1D77F21600B53458 /* cellProduct.h */ = {isa = PBXFileReference; fileEncoding = 4; lastKnownFileType = sourcecode.c.h; path = cellProduct.h; sourceTree = "<group>"; };
		E4C85F4E1D77F21600B53458 /* cellProduct.m */ = {isa = PBXFileReference; fileEncoding = 4; lastKnownFileType = sourcecode.c.objc; path = cellProduct.m; sourceTree = "<group>"; };
		E4C85F4F1D77F21600B53458 /* cellProduct.xib */ = {isa = PBXFileReference; fileEncoding = 4; lastKnownFileType = file.xib; path = cellProduct.xib; sourceTree = "<group>"; };
/* End PBXFileReference section */

/* Begin PBXFrameworksBuildPhase section */
		E4C85F231D77A54200B53458 /* Frameworks */ = {
			isa = PBXFrameworksBuildPhase;
			buildActionMask = 2147483647;
			files = (
				A2BDAF50E2C96BC3BFF00AEE /* Pods_Conekta.framework in Frameworks */,
			);
			runOnlyForDeploymentPostprocessing = 0;
		};
/* End PBXFrameworksBuildPhase section */

/* Begin PBXGroup section */
		51827C7409573C9B547038BA /* Frameworks */ = {
			isa = PBXGroup;
			children = (
				E047803D8BF8BF85FF2D3F05 /* Pods_Conekta.framework */,
			);
			name = Frameworks;
			sourceTree = "<group>";
		};
		51FB80752E2AB6DC6BDD4B4A /* Pods */ = {
			isa = PBXGroup;
			children = (
				7C5BE02FCF3197738B5AF2A6 /* Pods-Conekta.debug.xcconfig */,
				C2973C89201F426BFC0E3291 /* Pods-Conekta.release.xcconfig */,
			);
			name = Pods;
			sourceTree = "<group>";
		};
		E4C85F1D1D77A54200B53458 = {
			isa = PBXGroup;
			children = (
				E4C85F281D77A54200B53458 /* Conekta */,
				E4C85F271D77A54200B53458 /* Products */,
				51FB80752E2AB6DC6BDD4B4A /* Pods */,
				51827C7409573C9B547038BA /* Frameworks */,
			);
			sourceTree = "<group>";
		};
		E4C85F271D77A54200B53458 /* Products */ = {
			isa = PBXGroup;
			children = (
				E4C85F261D77A54200B53458 /* Conekta.app */,
			);
			name = Products;
			sourceTree = "<group>";
		};
		E4C85F281D77A54200B53458 /* Conekta */ = {
			isa = PBXGroup;
			children = (
				E4C85F431D77A55400B53458 /* Main */,
				E4C85F441D77A55B00B53458 /* Controllers */,
				E4C85F4C1D77F1CD00B53458 /* Cells */,
				E4C85F321D77A54200B53458 /* Main.storyboard */,
				E4C85F381D77A54200B53458 /* Assets.xcassets */,
				E4C85F3A1D77A54200B53458 /* LaunchScreen.storyboard */,
				E4C85F3D1D77A54200B53458 /* Info.plist */,
				E4C85F351D77A54200B53458 /* Conekta.xcdatamodeld */,
				E4C85F291D77A54200B53458 /* Supporting Files */,
				E4C85F471D77AADC00B53458 /* Podfile */,
			);
			path = Conekta;
			sourceTree = "<group>";
		};
		E4C85F291D77A54200B53458 /* Supporting Files */ = {
			isa = PBXGroup;
			children = (
				E4C85F2A1D77A54200B53458 /* main.m */,
			);
			name = "Supporting Files";
			sourceTree = "<group>";
		};
		E4C85F431D77A55400B53458 /* Main */ = {
			isa = PBXGroup;
			children = (
				E4C85F2C1D77A54200B53458 /* AppDelegate.h */,
				E4C85F2D1D77A54200B53458 /* AppDelegate.m */,
			);
			name = Main;
			sourceTree = "<group>";
		};
		E4C85F441D77A55B00B53458 /* Controllers */ = {
			isa = PBXGroup;
			children = (
				E4C85F2F1D77A54200B53458 /* Start.h */,
				E4C85F301D77A54200B53458 /* Start.m */,
				E4C85F491D77E4B000B53458 /* ProductMenu.h */,
				E4C85F4A1D77E4B000B53458 /* ProductMenu.m */,
			);
			name = Controllers;
			sourceTree = "<group>";
		};
		E4C85F4C1D77F1CD00B53458 /* Cells */ = {
			isa = PBXGroup;
			children = (
				E4C85F4D1D77F21600B53458 /* cellProduct.h */,
				E4C85F4E1D77F21600B53458 /* cellProduct.m */,
				E4C85F4F1D77F21600B53458 /* cellProduct.xib */,
			);
			name = Cells;
			sourceTree = "<group>";
		};
/* End PBXGroup section */

/* Begin PBXNativeTarget section */
		E4C85F251D77A54200B53458 /* Conekta */ = {
			isa = PBXNativeTarget;
			buildConfigurationList = E4C85F401D77A54200B53458 /* Build configuration list for PBXNativeTarget "Conekta" */;
			buildPhases = (
				45FB06D758AFB42F2C840E50 /* [CP] Check Pods Manifest.lock */,
				E4C85F221D77A54200B53458 /* Sources */,
				E4C85F231D77A54200B53458 /* Frameworks */,
				E4C85F241D77A54200B53458 /* Resources */,
				763E1BFBE25BBCD62464BBAD /* [CP] Embed Pods Frameworks */,
				FA1D55104C0327DE3549074C /* [CP] Copy Pods Resources */,
			);
			buildRules = (
			);
			dependencies = (
			);
			name = Conekta;
			productName = Conekta;
			productReference = E4C85F261D77A54200B53458 /* Conekta.app */;
			productType = "com.apple.product-type.application";
		};
/* End PBXNativeTarget section */

/* Begin PBXProject section */
		E4C85F1E1D77A54200B53458 /* Project object */ = {
			isa = PBXProject;
			attributes = {
				LastUpgradeCheck = 0730;
				ORGANIZATIONNAME = jjpe;
				TargetAttributes = {
					E4C85F251D77A54200B53458 = {
						CreatedOnToolsVersion = 7.3.1;
						DevelopmentTeam = QXF33N93KH;
					};
				};
			};
			buildConfigurationList = E4C85F211D77A54200B53458 /* Build configuration list for PBXProject "Conekta" */;
			compatibilityVersion = "Xcode 3.2";
			developmentRegion = English;
			hasScannedForEncodings = 0;
			knownRegions = (
				en,
				Base,
			);
			mainGroup = E4C85F1D1D77A54200B53458;
			productRefGroup = E4C85F271D77A54200B53458 /* Products */;
			projectDirPath = "";
			projectRoot = "";
			targets = (
				E4C85F251D77A54200B53458 /* Conekta */,
			);
		};
/* End PBXProject section */

/* Begin PBXResourcesBuildPhase section */
		E4C85F241D77A54200B53458 /* Resources */ = {
			isa = PBXResourcesBuildPhase;
			buildActionMask = 2147483647;
			files = (
				E4C85F3C1D77A54200B53458 /* LaunchScreen.storyboard in Resources */,
				E4C85F511D77F21600B53458 /* cellProduct.xib in Resources */,
				E4C85F391D77A54200B53458 /* Assets.xcassets in Resources */,
				E4C85F481D77AADC00B53458 /* Podfile in Resources */,
				E4C85F341D77A54200B53458 /* Main.storyboard in Resources */,
			);
			runOnlyForDeploymentPostprocessing = 0;
		};
/* End PBXResourcesBuildPhase section */

/* Begin PBXShellScriptBuildPhase section */
		45FB06D758AFB42F2C840E50 /* [CP] Check Pods Manifest.lock */ = {
			isa = PBXShellScriptBuildPhase;
			buildActionMask = 2147483647;
			files = (
			);
			inputPaths = (
			);
			name = "[CP] Check Pods Manifest.lock";
			outputPaths = (
			);
			runOnlyForDeploymentPostprocessing = 0;
			shellPath = /bin/sh;
			shellScript = "diff \"${PODS_ROOT}/../Podfile.lock\" \"${PODS_ROOT}/Manifest.lock\" > /dev/null\nif [[ $? != 0 ]] ; then\n    cat << EOM\nerror: The sandbox is not in sync with the Podfile.lock. Run 'pod install' or update your CocoaPods installation.\nEOM\n    exit 1\nfi\n";
			showEnvVarsInLog = 0;
		};
		763E1BFBE25BBCD62464BBAD /* [CP] Embed Pods Frameworks */ = {
			isa = PBXShellScriptBuildPhase;
			buildActionMask = 2147483647;
			files = (
			);
			inputPaths = (
			);
			name = "[CP] Embed Pods Frameworks";
			outputPaths = (
			);
			runOnlyForDeploymentPostprocessing = 0;
			shellPath = /bin/sh;
			shellScript = "\"${SRCROOT}/Pods/Target Support Files/Pods-Conekta/Pods-Conekta-frameworks.sh\"\n";
			showEnvVarsInLog = 0;
		};
		FA1D55104C0327DE3549074C /* [CP] Copy Pods Resources */ = {
			isa = PBXShellScriptBuildPhase;
			buildActionMask = 2147483647;
			files = (
			);
			inputPaths = (
			);
			name = "[CP] Copy Pods Resources";
			outputPaths = (
			);
			runOnlyForDeploymentPostprocessing = 0;
			shellPath = /bin/sh;
			shellScript = "\"${SRCROOT}/Pods/Target Support Files/Pods-Conekta/Pods-Conekta-resources.sh\"\n";
			showEnvVarsInLog = 0;
		};
/* End PBXShellScriptBuildPhase section */

/* Begin PBXSourcesBuildPhase section */
		E4C85F221D77A54200B53458 /* Sources */ = {
			isa = PBXSourcesBuildPhase;
			buildActionMask = 2147483647;
			files = (
				E4C85F311D77A54200B53458 /* Start.m in Sources */,
				E4C85F501D77F21600B53458 /* cellProduct.m in Sources */,
				E4C85F4B1D77E4B000B53458 /* ProductMenu.m in Sources */,
				E4C85F371D77A54200B53458 /* Conekta.xcdatamodeld in Sources */,
				E4C85F2E1D77A54200B53458 /* AppDelegate.m in Sources */,
				E4C85F2B1D77A54200B53458 /* main.m in Sources */,
			);
			runOnlyForDeploymentPostprocessing = 0;
		};
/* End PBXSourcesBuildPhase section */

/* Begin PBXVariantGroup section */
		E4C85F321D77A54200B53458 /* Main.storyboard */ = {
			isa = PBXVariantGroup;
			children = (
				E4C85F331D77A54200B53458 /* Base */,
			);
			name = Main.storyboard;
			sourceTree = "<group>";
		};
		E4C85F3A1D77A54200B53458 /* LaunchScreen.storyboard */ = {
			isa = PBXVariantGroup;
			children = (
				E4C85F3B1D77A54200B53458 /* Base */,
			);
			name = LaunchScreen.storyboard;
			sourceTree = "<group>";
		};
/* End PBXVariantGroup section */

/* Begin XCBuildConfiguration section */
		E4C85F3E1D77A54200B53458 /* Debug */ = {
			isa = XCBuildConfiguration;
			buildSettings = {
				ALWAYS_SEARCH_USER_PATHS = NO;
				CLANG_ANALYZER_NONNULL = YES;
				CLANG_CXX_LANGUAGE_STANDARD = "gnu++0x";
				CLANG_CXX_LIBRARY = "libc++";
				CLANG_ENABLE_MODULES = YES;
				CLANG_ENABLE_OBJC_ARC = YES;
				CLANG_WARN_BOOL_CONVERSION = YES;
				CLANG_WARN_CONSTANT_CONVERSION = YES;
				CLANG_WARN_DIRECT_OBJC_ISA_USAGE = YES_ERROR;
				CLANG_WARN_EMPTY_BODY = YES;
				CLANG_WARN_ENUM_CONVERSION = YES;
				CLANG_WARN_INT_CONVERSION = YES;
				CLANG_WARN_OBJC_ROOT_CLASS = YES_ERROR;
				CLANG_WARN_UNREACHABLE_CODE = YES;
				CLANG_WARN__DUPLICATE_METHOD_MATCH = YES;
				"CODE_SIGN_IDENTITY[sdk=iphoneos*]" = "iPhone Developer";
				COPY_PHASE_STRIP = NO;
				DEBUG_INFORMATION_FORMAT = dwarf;
				ENABLE_STRICT_OBJC_MSGSEND = YES;
				ENABLE_TESTABILITY = YES;
				GCC_C_LANGUAGE_STANDARD = gnu99;
				GCC_DYNAMIC_NO_PIC = NO;
				GCC_NO_COMMON_BLOCKS = YES;
				GCC_OPTIMIZATION_LEVEL = 0;
				GCC_PREPROCESSOR_DEFINITIONS = (
					"DEBUG=1",
					"$(inherited)",
				);
				GCC_WARN_64_TO_32_BIT_CONVERSION = YES;
				GCC_WARN_ABOUT_RETURN_TYPE = YES_ERROR;
				GCC_WARN_UNDECLARED_SELECTOR = YES;
				GCC_WARN_UNINITIALIZED_AUTOS = YES_AGGRESSIVE;
				GCC_WARN_UNUSED_FUNCTION = YES;
				GCC_WARN_UNUSED_VARIABLE = YES;
				IPHONEOS_DEPLOYMENT_TARGET = 9.3;
				MTL_ENABLE_DEBUG_INFO = YES;
				ONLY_ACTIVE_ARCH = YES;
				SDKROOT = iphoneos;
			};
			name = Debug;
		};
		E4C85F3F1D77A54200B53458 /* Release */ = {
			isa = XCBuildConfiguration;
			buildSettings = {
				ALWAYS_SEARCH_USER_PATHS = NO;
				CLANG_ANALYZER_NONNULL = YES;
				CLANG_CXX_LANGUAGE_STANDARD = "gnu++0x";
				CLANG_CXX_LIBRARY = "libc++";
				CLANG_ENABLE_MODULES = YES;
				CLANG_ENABLE_OBJC_ARC = YES;
				CLANG_WARN_BOOL_CONVERSION = YES;
				CLANG_WARN_CONSTANT_CONVERSION = YES;
				CLANG_WARN_DIRECT_OBJC_ISA_USAGE = YES_ERROR;
				CLANG_WARN_EMPTY_BODY = YES;
				CLANG_WARN_ENUM_CONVERSION = YES;
				CLANG_WARN_INT_CONVERSION = YES;
				CLANG_WARN_OBJC_ROOT_CLASS = YES_ERROR;
				CLANG_WARN_UNREACHABLE_CODE = YES;
				CLANG_WARN__DUPLICATE_METHOD_MATCH = YES;
				"CODE_SIGN_IDENTITY[sdk=iphoneos*]" = "iPhone Developer";
				COPY_PHASE_STRIP = NO;
				DEBUG_INFORMATION_FORMAT = "dwarf-with-dsym";
				ENABLE_NS_ASSERTIONS = NO;
				ENABLE_STRICT_OBJC_MSGSEND = YES;
				GCC_C_LANGUAGE_STANDARD = gnu99;
				GCC_NO_COMMON_BLOCKS = YES;
				GCC_WARN_64_TO_32_BIT_CONVERSION = YES;
				GCC_WARN_ABOUT_RETURN_TYPE = YES_ERROR;
				GCC_WARN_UNDECLARED_SELECTOR = YES;
				GCC_WARN_UNINITIALIZED_AUTOS = YES_AGGRESSIVE;
				GCC_WARN_UNUSED_FUNCTION = YES;
				GCC_WARN_UNUSED_VARIABLE = YES;
				IPHONEOS_DEPLOYMENT_TARGET = 9.3;
				MTL_ENABLE_DEBUG_INFO = NO;
				SDKROOT = iphoneos;
				VALIDATE_PRODUCT = YES;
			};
			name = Release;
		};
		E4C85F411D77A54200B53458 /* Debug */ = {
			isa = XCBuildConfiguration;
			baseConfigurationReference = 7C5BE02FCF3197738B5AF2A6 /* Pods-Conekta.debug.xcconfig */;
			buildSettings = {
				ASSETCATALOG_COMPILER_APPICON_NAME = AppIcon;
				CODE_SIGN_IDENTITY = "iPhone Developer";
				INFOPLIST_FILE = Conekta/Info.plist;
				LD_RUNPATH_SEARCH_PATHS = "$(inherited) @executable_path/Frameworks";
				PRODUCT_BUNDLE_IDENTIFIER = com.jjpe.Conekta;
				PRODUCT_NAME = "$(TARGET_NAME)";
			};
			name = Debug;
		};
		E4C85F421D77A54200B53458 /* Release */ = {
			isa = XCBuildConfiguration;
			baseConfigurationReference = C2973C89201F426BFC0E3291 /* Pods-Conekta.release.xcconfig */;
			buildSettings = {
				ASSETCATALOG_COMPILER_APPICON_NAME = AppIcon;
				CODE_SIGN_IDENTITY = "iPhone Developer";
				INFOPLIST_FILE = Conekta/Info.plist;
				LD_RUNPATH_SEARCH_PATHS = "$(inherited) @executable_path/Frameworks";
				PRODUCT_BUNDLE_IDENTIFIER = com.jjpe.Conekta;
				PRODUCT_NAME = "$(TARGET_NAME)";
			};
			name = Release;
		};
/* End XCBuildConfiguration section */

/* Begin XCConfigurationList section */
		E4C85F211D77A54200B53458 /* Build configuration list for PBXProject "Conekta" */ = {
			isa = XCConfigurationList;
			buildConfigurations = (
				E4C85F3E1D77A54200B53458 /* Debug */,
				E4C85F3F1D77A54200B53458 /* Release */,
			);
			defaultConfigurationIsVisible = 0;
			defaultConfigurationName = Release;
		};
		E4C85F401D77A54200B53458 /* Build configuration list for PBXNativeTarget "Conekta" */ = {
			isa = XCConfigurationList;
			buildConfigurations = (
				E4C85F411D77A54200B53458 /* Debug */,
				E4C85F421D77A54200B53458 /* Release */,
			);
			defaultConfigurationIsVisible = 0;
			defaultConfigurationName = Release;
		};
/* End XCConfigurationList section */

/* Begin XCVersionGroup section */
		E4C85F351D77A54200B53458 /* Conekta.xcdatamodeld */ = {
			isa = XCVersionGroup;
			children = (
				E4C85F361D77A54200B53458 /* Conekta.xcdatamodel */,
			);
			currentVersion = E4C85F361D77A54200B53458 /* Conekta.xcdatamodel */;
			path = Conekta.xcdatamodeld;
			sourceTree = "<group>";
			versionGroupType = wrapper.xcdatamodel;
		};
/* End XCVersionGroup section */
	};
	rootObject = E4C85F1E1D77A54200B53458 /* Project object */;
}
